
Microsoft Visual Studio Solution File, Format Version 12.00
# Visual Studio Version 17
VisualStudioVersion = 17.0.32014.148
MinimumVisualStudioVersion = 10.0.40219.1
Project("{FAE04EC0-301F-11D3-BF4B-00C04F79EFBC}") = "RectangleTest", "RectangleTest\RectangleTest.csproj", "{ED39699C-1909-446B-9FF6-3598ECB58E8D}"
EndProject
Project("{FAE04EC0-301F-11D3-BF4B-00C04F79EFBC}") = "RectangleUnitTests", "RectangleUnitTests\RectangleUnitTests.csproj", "{CC228572-054A-4589-9B1E-D7510F6C4E39}"
EndProject
Global
	GlobalSection(SolutionConfigurationPlatforms) = preSolution
		Debug|Any CPU = Debug|Any CPU
		Release|Any CPU = Release|Any CPU
	EndGlobalSection
	GlobalSection(ProjectConfigurationPlatforms) = postSolution
		{ED39699C-1909-446B-9FF6-3598ECB58E8D}.Debug|Any CPU.ActiveCfg = Debug|Any CPU
		{ED39699C-1909-446B-9FF6-3598ECB58E8D}.Debug|Any CPU.Build.0 = Debug|Any CPU
		{ED39699C-1909-446B-9FF6-3598ECB58E8D}.Release|Any CPU.ActiveCfg = Release|Any CPU
		{ED39699C-1909-446B-9FF6-3598ECB58E8D}.Release|Any CPU.Build.0 = Release|Any CPU
		{CC228572-054A-4589-9B1E-D7510F6C4E39}.Debug|Any CPU.ActiveCfg = Debug|Any CPU
		{CC228572-054A-4589-9B1E-D7510F6C4E39}.Debug|Any CPU.Build.0 = Debug|Any CPU
		{CC228572-054A-4589-9B1E-D7510F6C4E39}.Release|Any CPU.ActiveCfg = Release|Any CPU
		{CC228572-054A-4589-9B1E-D7510F6C4E39}.Release|Any CPU.Build.0 = Release|Any CPU
	EndGlobalSection
	GlobalSection(SolutionProperties) = preSolution
		HideSolutionNode = FALSE
	EndGlobalSection
	GlobalSection(ExtensibilityGlobals) = postSolution
		SolutionGuid = {5D8638A2-3648-453A-B001-6A8C88FA30A4}
	EndGlobalSection
EndGlobal
